
Microsoft Visual Studio Solution File, Format Version 12.00
# Visual Studio Version 16
VisualStudioVersion = 16.0.810.6
MinimumVisualStudioVersion = 10.0.40219.1
Project("{FAE04EC0-301F-11D3-BF4B-00C04F79EFBC}") = "CURD", "CURD\CURD.csproj", "{594CC2C7-1318-48BA-A495-B529B467B884}"
EndProject
Global
	GlobalSection(SolutionConfigurationPlatforms) = preSolution
		Debug|Any CPU = Debug|Any CPU
		Release|Any CPU = Release|Any CPU
	EndGlobalSection
	GlobalSection(ProjectConfigurationPlatforms) = postSolution
		{594CC2C7-1318-48BA-A495-B529B467B884}.Debug|Any CPU.ActiveCfg = Debug|Any CPU
		{594CC2C7-1318-48BA-A495-B529B467B884}.Debug|Any CPU.Build.0 = Debug|Any CPU
		{594CC2C7-1318-48BA-A495-B529B467B884}.Release|Any CPU.ActiveCfg = Release|Any CPU
		{594CC2C7-1318-48BA-A495-B529B467B884}.Release|Any CPU.Build.0 = Release|Any CPU
	EndGlobalSection
	GlobalSection(SolutionProperties) = preSolution
		HideSolutionNode = FALSE
	EndGlobalSection
	GlobalSection(ExtensibilityGlobals) = postSolution
		SolutionGuid = {017E542F-5397-45AD-BBFD-81E4058084E4}
	EndGlobalSection
EndGlobal
